
Microsoft Visual Studio Solution File, Format Version 12.00
# Visual Studio Version 16
VisualStudioVersion = 16.0.30128.74
MinimumVisualStudioVersion = 10.0.40219.1
Project("{FAE04EC0-301F-11D3-BF4B-00C04F79EFBC}") = "BlazorCRUB", "BlazorCRUB\BlazorCRUB.csproj", "{FD177286-8214-4C4B-87D5-4819B05483D7}"
EndProject
Global
	GlobalSection(SolutionConfigurationPlatforms) = preSolution
		Debug|Any CPU = Debug|Any CPU
		Release|Any CPU = Release|Any CPU
	EndGlobalSection
	GlobalSection(ProjectConfigurationPlatforms) = postSolution
		{FD177286-8214-4C4B-87D5-4819B05483D7}.Debug|Any CPU.ActiveCfg = Debug|Any CPU
		{FD177286-8214-4C4B-87D5-4819B05483D7}.Debug|Any CPU.Build.0 = Debug|Any CPU
		{FD177286-8214-4C4B-87D5-4819B05483D7}.Release|Any CPU.ActiveCfg = Release|Any CPU
		{FD177286-8214-4C4B-87D5-4819B05483D7}.Release|Any CPU.Build.0 = Release|Any CPU
	EndGlobalSection
	GlobalSection(SolutionProperties) = preSolution
		HideSolutionNode = FALSE
	EndGlobalSection
	GlobalSection(ExtensibilityGlobals) = postSolution
		SolutionGuid = {96B09784-AAB4-4319-9E15-18D691EC63B6}
	EndGlobalSection
EndGlobal
